
Microsoft Visual Studio Solution File, Format Version 12.00
# Visual Studio Version 17
VisualStudioVersion = 17.10.35122.118
MinimumVisualStudioVersion = 10.0.40219.1
Project("{FAE04EC0-301F-11D3-BF4B-00C04F79EFBC}") = "Section02_Exercise", "Section02_Exercise\Section02_Exercise.csproj", "{0FAD7561-EF58-4358-B714-D69EB13DFF6A}"
EndProject
Global
	GlobalSection(SolutionConfigurationPlatforms) = preSolution
		Debug|Any CPU = Debug|Any CPU
		Release|Any CPU = Release|Any CPU
	EndGlobalSection
	GlobalSection(ProjectConfigurationPlatforms) = postSolution
		{0FAD7561-EF58-4358-B714-D69EB13DFF6A}.Debug|Any CPU.ActiveCfg = Debug|Any CPU
		{0FAD7561-EF58-4358-B714-D69EB13DFF6A}.Debug|Any CPU.Build.0 = Debug|Any CPU
		{0FAD7561-EF58-4358-B714-D69EB13DFF6A}.Release|Any CPU.ActiveCfg = Release|Any CPU
		{0FAD7561-EF58-4358-B714-D69EB13DFF6A}.Release|Any CPU.Build.0 = Release|Any CPU
	EndGlobalSection
	GlobalSection(SolutionProperties) = preSolution
		HideSolutionNode = FALSE
	EndGlobalSection
	GlobalSection(ExtensibilityGlobals) = postSolution
		SolutionGuid = {A56EA406-9BC3-4111-B9D9-C54B2E15FAF5}
	EndGlobalSection
EndGlobal
